// !$*UTF8*$!
{
	archiveVersion = 1;
	classes = {
	};
	objectVersion = 46;
	objects = {

/* Begin PBXBuildFile section */
		3F03348D1F28D3A200905EFE /* RecommendCycleView.swift in Sources */ = {isa = PBXBuildFile; fileRef = 3F03348C1F28D3A200905EFE /* RecommendCycleView.swift */; };
		3F03348F1F28D3B200905EFE /* RecommendCycleView.xib in Resources */ = {isa = PBXBuildFile; fileRef = 3F03348E1F28D3B200905EFE /* RecommendCycleView.xib */; };
		3F26255D1F24DE75006DD66F /* RecommendViewController.swift in Sources */ = {isa = PBXBuildFile; fileRef = 3F26255C1F24DE75006DD66F /* RecommendViewController.swift */; };
		3F67DB351F27817800A76530 /* RecommendViewModel.swift in Sources */ = {isa = PBXBuildFile; fileRef = 3F67DB341F27817800A76530 /* RecommendViewModel.swift */; };
		3F67DB371F2784D000A76530 /* NSDate-Extension.swift in Sources */ = {isa = PBXBuildFile; fileRef = 3F67DB361F2784D000A76530 /* NSDate-Extension.swift */; };
		3F67DB391F278DC300A76530 /* AnchorGroup.swift in Sources */ = {isa = PBXBuildFile; fileRef = 3F67DB381F278DC300A76530 /* AnchorGroup.swift */; };
		3F67DB3B1F27903A00A76530 /* AnchorModel.swift in Sources */ = {isa = PBXBuildFile; fileRef = 3F67DB3A1F27903A00A76530 /* AnchorModel.swift */; };
		3F67DB3D1F27C2ED00A76530 /* CollectionBaseCell.swift in Sources */ = {isa = PBXBuildFile; fileRef = 3F67DB3C1F27C2ED00A76530 /* CollectionBaseCell.swift */; };
		3F932F911F29EDA50048880E /* CycleModel.swift in Sources */ = {isa = PBXBuildFile; fileRef = 3F932F901F29EDA50048880E /* CycleModel.swift */; };
		3F932F941F29F46F0048880E /* CollectionCycleCell.swift in Sources */ = {isa = PBXBuildFile; fileRef = 3F932F921F29F46F0048880E /* CollectionCycleCell.swift */; };
		3F932F951F29F46F0048880E /* CollectionCycleCell.xib in Resources */ = {isa = PBXBuildFile; fileRef = 3F932F931F29F46F0048880E /* CollectionCycleCell.xib */; };
		3F99DD431F238F630012CEA2 /* Common.swift in Sources */ = {isa = PBXBuildFile; fileRef = 3F99DD421F238F630012CEA2 /* Common.swift */; };
		3F99DD451F2394C70012CEA2 /* PageTitleView.swift in Sources */ = {isa = PBXBuildFile; fileRef = 3F99DD441F2394C70012CEA2 /* PageTitleView.swift */; };
		3F99DD471F23A6F90012CEA2 /* PageContentView.swift in Sources */ = {isa = PBXBuildFile; fileRef = 3F99DD461F23A6F90012CEA2 /* PageContentView.swift */; };
		3F99DD491F23A90D0012CEA2 /* UIColor-Extension.swift in Sources */ = {isa = PBXBuildFile; fileRef = 3F99DD481F23A90D0012CEA2 /* UIColor-Extension.swift */; };
		3F9CE88C1F26D39A001E48F3 /* CollectionPrettyCell.swift in Sources */ = {isa = PBXBuildFile; fileRef = 3F9CE88A1F26D39A001E48F3 /* CollectionPrettyCell.swift */; };
		3F9CE88D1F26D39A001E48F3 /* CollectionPrettyCell.xib in Resources */ = {isa = PBXBuildFile; fileRef = 3F9CE88B1F26D39A001E48F3 /* CollectionPrettyCell.xib */; };
		3F9CE8911F275E13001E48F3 /* NetworkTools.swift in Sources */ = {isa = PBXBuildFile; fileRef = 3F9CE8901F275E13001E48F3 /* NetworkTools.swift */; };
		3FB1744E1F217EFB00F3A5C5 /* AppDelegate.swift in Sources */ = {isa = PBXBuildFile; fileRef = 3FB1744D1F217EFB00F3A5C5 /* AppDelegate.swift */; };
		3FB174551F217EFB00F3A5C5 /* Assets.xcassets in Resources */ = {isa = PBXBuildFile; fileRef = 3FB174541F217EFB00F3A5C5 /* Assets.xcassets */; };
		3FB174581F217EFB00F3A5C5 /* LaunchScreen.storyboard in Resources */ = {isa = PBXBuildFile; fileRef = 3FB174561F217EFB00F3A5C5 /* LaunchScreen.storyboard */; };
		3FB174741F21AE8700F3A5C5 /* Main.storyboard in Resources */ = {isa = PBXBuildFile; fileRef = 3FB174731F21AE8700F3A5C5 /* Main.storyboard */; };
		3FB174761F21AEB400F3A5C5 /* Home.storyboard in Resources */ = {isa = PBXBuildFile; fileRef = 3FB174751F21AEB400F3A5C5 /* Home.storyboard */; };
		3FB174781F21AEE100F3A5C5 /* Live.storyboard in Resources */ = {isa = PBXBuildFile; fileRef = 3FB174771F21AEE100F3A5C5 /* Live.storyboard */; };
		3FB1747A1F21AF1100F3A5C5 /* Column.storyboard in Resources */ = {isa = PBXBuildFile; fileRef = 3FB174791F21AF1100F3A5C5 /* Column.storyboard */; };
		3FB1747C1F21AF2500F3A5C5 /* User.storyboard in Resources */ = {isa = PBXBuildFile; fileRef = 3FB1747B1F21AF2500F3A5C5 /* User.storyboard */; };
		3FB174861F21B5B000F3A5C5 /* MainViewController.swift in Sources */ = {isa = PBXBuildFile; fileRef = 3FB174831F21B5B000F3A5C5 /* MainViewController.swift */; };
		3FB174881F21B62200F3A5C5 /* HomeViewController.swift in Sources */ = {isa = PBXBuildFile; fileRef = 3FB174871F21B62200F3A5C5 /* HomeViewController.swift */; };
		3FB1748B1F21B9DA00F3A5C5 /* UIBarButtonItem-Extension.swift in Sources */ = {isa = PBXBuildFile; fileRef = 3FB1748A1F21B9DA00F3A5C5 /* UIBarButtonItem-Extension.swift */; };
		3FB5C6E31F25C38900CA8541 /* CollectionHeaderView.swift in Sources */ = {isa = PBXBuildFile; fileRef = 3FB5C6E11F25C38900CA8541 /* CollectionHeaderView.swift */; };
		3FB5C6E41F25C38900CA8541 /* CollectionHeaderView.xib in Resources */ = {isa = PBXBuildFile; fileRef = 3FB5C6E21F25C38900CA8541 /* CollectionHeaderView.xib */; };
		3FB5C6E71F25DCC700CA8541 /* CollectionNormalCell.swift in Sources */ = {isa = PBXBuildFile; fileRef = 3FB5C6E51F25DCC700CA8541 /* CollectionNormalCell.swift */; };
		3FB5C6E81F25DCC700CA8541 /* CollectionNormalCell.xib in Resources */ = {isa = PBXBuildFile; fileRef = 3FB5C6E61F25DCC700CA8541 /* CollectionNormalCell.xib */; };
		50E63306779A4D217053A242 /* Pods_DouYu.framework in Frameworks */ = {isa = PBXBuildFile; fileRef = 315D55E843B270A69214C045 /* Pods_DouYu.framework */; };
/* End PBXBuildFile section */

/* Begin PBXFileReference section */
		315D55E843B270A69214C045 /* Pods_DouYu.framework */ = {isa = PBXFileReference; explicitFileType = wrapper.framework; includeInIndex = 0; path = Pods_DouYu.framework; sourceTree = BUILT_PRODUCTS_DIR; };
		3F03348C1F28D3A200905EFE /* RecommendCycleView.swift */ = {isa = PBXFileReference; fileEncoding = 4; lastKnownFileType = sourcecode.swift; path = RecommendCycleView.swift; sourceTree = "<group>"; };
		3F03348E1F28D3B200905EFE /* RecommendCycleView.xib */ = {isa = PBXFileReference; fileEncoding = 4; lastKnownFileType = file.xib; path = RecommendCycleView.xib; sourceTree = "<group>"; };
		3F26255C1F24DE75006DD66F /* RecommendViewController.swift */ = {isa = PBXFileReference; fileEncoding = 4; lastKnownFileType = sourcecode.swift; path = RecommendViewController.swift; sourceTree = "<group>"; };
		3F67DB341F27817800A76530 /* RecommendViewModel.swift */ = {isa = PBXFileReference; fileEncoding = 4; lastKnownFileType = sourcecode.swift; path = RecommendViewModel.swift; sourceTree = "<group>"; };
		3F67DB361F2784D000A76530 /* NSDate-Extension.swift */ = {isa = PBXFileReference; fileEncoding = 4; lastKnownFileType = sourcecode.swift; path = "NSDate-Extension.swift"; sourceTree = "<group>"; };
		3F67DB381F278DC300A76530 /* AnchorGroup.swift */ = {isa = PBXFileReference; fileEncoding = 4; lastKnownFileType = sourcecode.swift; path = AnchorGroup.swift; sourceTree = "<group>"; };
		3F67DB3A1F27903A00A76530 /* AnchorModel.swift */ = {isa = PBXFileReference; fileEncoding = 4; lastKnownFileType = sourcecode.swift; path = AnchorModel.swift; sourceTree = "<group>"; };
		3F67DB3C1F27C2ED00A76530 /* CollectionBaseCell.swift */ = {isa = PBXFileReference; fileEncoding = 4; lastKnownFileType = sourcecode.swift; path = CollectionBaseCell.swift; sourceTree = "<group>"; };
		3F932F901F29EDA50048880E /* CycleModel.swift */ = {isa = PBXFileReference; fileEncoding = 4; lastKnownFileType = sourcecode.swift; path = CycleModel.swift; sourceTree = "<group>"; };
		3F932F921F29F46F0048880E /* CollectionCycleCell.swift */ = {isa = PBXFileReference; fileEncoding = 4; lastKnownFileType = sourcecode.swift; path = CollectionCycleCell.swift; sourceTree = "<group>"; };
		3F932F931F29F46F0048880E /* CollectionCycleCell.xib */ = {isa = PBXFileReference; fileEncoding = 4; lastKnownFileType = file.xib; path = CollectionCycleCell.xib; sourceTree = "<group>"; };
		3F99DD421F238F630012CEA2 /* Common.swift */ = {isa = PBXFileReference; fileEncoding = 4; lastKnownFileType = sourcecode.swift; path = Common.swift; sourceTree = "<group>"; };
		3F99DD441F2394C70012CEA2 /* PageTitleView.swift */ = {isa = PBXFileReference; fileEncoding = 4; lastKnownFileType = sourcecode.swift; path = PageTitleView.swift; sourceTree = "<group>"; };
		3F99DD461F23A6F90012CEA2 /* PageContentView.swift */ = {isa = PBXFileReference; fileEncoding = 4; lastKnownFileType = sourcecode.swift; path = PageContentView.swift; sourceTree = "<group>"; };
		3F99DD481F23A90D0012CEA2 /* UIColor-Extension.swift */ = {isa = PBXFileReference; fileEncoding = 4; lastKnownFileType = sourcecode.swift; path = "UIColor-Extension.swift"; sourceTree = "<group>"; };
		3F9CE88A1F26D39A001E48F3 /* CollectionPrettyCell.swift */ = {isa = PBXFileReference; fileEncoding = 4; lastKnownFileType = sourcecode.swift; path = CollectionPrettyCell.swift; sourceTree = "<group>"; };
		3F9CE88B1F26D39A001E48F3 /* CollectionPrettyCell.xib */ = {isa = PBXFileReference; fileEncoding = 4; lastKnownFileType = file.xib; path = CollectionPrettyCell.xib; sourceTree = "<group>"; };
		3F9CE8901F275E13001E48F3 /* NetworkTools.swift */ = {isa = PBXFileReference; fileEncoding = 4; lastKnownFileType = sourcecode.swift; path = NetworkTools.swift; sourceTree = "<group>"; };
		3FB1744A1F217EFB00F3A5C5 /* DouYu.app */ = {isa = PBXFileReference; explicitFileType = wrapper.application; includeInIndex = 0; path = DouYu.app; sourceTree = BUILT_PRODUCTS_DIR; };
		3FB1744D1F217EFB00F3A5C5 /* AppDelegate.swift */ = {isa = PBXFileReference; lastKnownFileType = sourcecode.swift; path = AppDelegate.swift; sourceTree = "<group>"; };
		3FB174541F217EFB00F3A5C5 /* Assets.xcassets */ = {isa = PBXFileReference; lastKnownFileType = folder.assetcatalog; path = Assets.xcassets; sourceTree = "<group>"; };
		3FB174571F217EFB00F3A5C5 /* Base */ = {isa = PBXFileReference; lastKnownFileType = file.storyboard; name = Base; path = Base.lproj/LaunchScreen.storyboard; sourceTree = "<group>"; };
		3FB174591F217EFB00F3A5C5 /* Info.plist */ = {isa = PBXFileReference; lastKnownFileType = text.plist.xml; path = Info.plist; sourceTree = "<group>"; };
		3FB174731F21AE8700F3A5C5 /* Main.storyboard */ = {isa = PBXFileReference; fileEncoding = 4; lastKnownFileType = file.storyboard; name = Main.storyboard; path = ../Home/Main.storyboard; sourceTree = "<group>"; };
		3FB174751F21AEB400F3A5C5 /* Home.storyboard */ = {isa = PBXFileReference; fileEncoding = 4; lastKnownFileType = file.storyboard; name = Home.storyboard; path = ../Home.storyboard; sourceTree = "<group>"; };
		3FB174771F21AEE100F3A5C5 /* Live.storyboard */ = {isa = PBXFileReference; fileEncoding = 4; lastKnownFileType = file.storyboard; name = Live.storyboard; path = ../Home/Live.storyboard; sourceTree = "<group>"; };
		3FB174791F21AF1100F3A5C5 /* Column.storyboard */ = {isa = PBXFileReference; fileEncoding = 4; lastKnownFileType = file.storyboard; name = Column.storyboard; path = ../Home/Column.storyboard; sourceTree = "<group>"; };
		3FB1747B1F21AF2500F3A5C5 /* User.storyboard */ = {isa = PBXFileReference; fileEncoding = 4; lastKnownFileType = file.storyboard; name = User.storyboard; path = ../Home/User.storyboard; sourceTree = "<group>"; };
		3FB174831F21B5B000F3A5C5 /* MainViewController.swift */ = {isa = PBXFileReference; fileEncoding = 4; lastKnownFileType = sourcecode.swift; path = MainViewController.swift; sourceTree = "<group>"; };
		3FB174871F21B62200F3A5C5 /* HomeViewController.swift */ = {isa = PBXFileReference; fileEncoding = 4; lastKnownFileType = sourcecode.swift; path = HomeViewController.swift; sourceTree = "<group>"; };
		3FB1748A1F21B9DA00F3A5C5 /* UIBarButtonItem-Extension.swift */ = {isa = PBXFileReference; fileEncoding = 4; lastKnownFileType = sourcecode.swift; path = "UIBarButtonItem-Extension.swift"; sourceTree = "<group>"; };
		3FB5C6E11F25C38900CA8541 /* CollectionHeaderView.swift */ = {isa = PBXFileReference; fileEncoding = 4; lastKnownFileType = sourcecode.swift; path = CollectionHeaderView.swift; sourceTree = "<group>"; };
		3FB5C6E21F25C38900CA8541 /* CollectionHeaderView.xib */ = {isa = PBXFileReference; fileEncoding = 4; lastKnownFileType = file.xib; path = CollectionHeaderView.xib; sourceTree = "<group>"; };
		3FB5C6E51F25DCC700CA8541 /* CollectionNormalCell.swift */ = {isa = PBXFileReference; fileEncoding = 4; lastKnownFileType = sourcecode.swift; path = CollectionNormalCell.swift; sourceTree = "<group>"; };
		3FB5C6E61F25DCC700CA8541 /* CollectionNormalCell.xib */ = {isa = PBXFileReference; fileEncoding = 4; lastKnownFileType = file.xib; path = CollectionNormalCell.xib; sourceTree = "<group>"; };
		525DBECBCFE28202DFF3D872 /* Pods-DouYu.release.xcconfig */ = {isa = PBXFileReference; includeInIndex = 1; lastKnownFileType = text.xcconfig; name = "Pods-DouYu.release.xcconfig"; path = "Pods/Target Support Files/Pods-DouYu/Pods-DouYu.release.xcconfig"; sourceTree = "<group>"; };
		9E873A697BDAF1AA16D1FB47 /* Pods-DouYu.debug.xcconfig */ = {isa = PBXFileReference; includeInIndex = 1; lastKnownFileType = text.xcconfig; name = "Pods-DouYu.debug.xcconfig"; path = "Pods/Target Support Files/Pods-DouYu/Pods-DouYu.debug.xcconfig"; sourceTree = "<group>"; };
/* End PBXFileReference section */

/* Begin PBXFrameworksBuildPhase section */
		3FB174471F217EFB00F3A5C5 /* Frameworks */ = {
			isa = PBXFrameworksBuildPhase;
			buildActionMask = 2147483647;
			files = (
				50E63306779A4D217053A242 /* Pods_DouYu.framework in Frameworks */,
			);
			runOnlyForDeploymentPostprocessing = 0;
		};
/* End PBXFrameworksBuildPhase section */

/* Begin PBXGroup section */
		06B82B8935570A5D5C630FA2 /* Pods */ = {
			isa = PBXGroup;
			children = (
				9E873A697BDAF1AA16D1FB47 /* Pods-DouYu.debug.xcconfig */,
				525DBECBCFE28202DFF3D872 /* Pods-DouYu.release.xcconfig */,
			);
			name = Pods;
			sourceTree = "<group>";
		};
		23B1BA1B08B78BF2ECDFCC17 /* Frameworks */ = {
			isa = PBXGroup;
			children = (
				315D55E843B270A69214C045 /* Pods_DouYu.framework */,
			);
			name = Frameworks;
			sourceTree = "<group>";
		};
		3F67DB331F27812E00A76530 /* ViewModel */ = {
			isa = PBXGroup;
			children = (
				3F67DB341F27817800A76530 /* RecommendViewModel.swift */,
			);
			path = ViewModel;
			sourceTree = "<group>";
		};
		3FB174411F217EFB00F3A5C5 = {
			isa = PBXGroup;
			children = (
				3FB1744C1F217EFB00F3A5C5 /* DouYu */,
				3FB1744B1F217EFB00F3A5C5 /* Products */,
				06B82B8935570A5D5C630FA2 /* Pods */,
				23B1BA1B08B78BF2ECDFCC17 /* Frameworks */,
			);
			sourceTree = "<group>";
		};
		3FB1744B1F217EFB00F3A5C5 /* Products */ = {
			isa = PBXGroup;
			children = (
				3FB1744A1F217EFB00F3A5C5 /* DouYu.app */,
			);
			name = Products;
			sourceTree = "<group>";
		};
		3FB1744C1F217EFB00F3A5C5 /* DouYu */ = {
			isa = PBXGroup;
			children = (
				3FB1745F1F21A3A600F3A5C5 /* Classes */,
				3FB1744D1F217EFB00F3A5C5 /* AppDelegate.swift */,
				3FB174541F217EFB00F3A5C5 /* Assets.xcassets */,
				3FB174561F217EFB00F3A5C5 /* LaunchScreen.storyboard */,
				3FB174591F217EFB00F3A5C5 /* Info.plist */,
			);
			path = DouYu;
			sourceTree = "<group>";
		};
		3FB1745F1F21A3A600F3A5C5 /* Classes */ = {
			isa = PBXGroup;
			children = (
				3FB174631F21A3A600F3A5C5 /* Main */,
				3FB174611F21A3A600F3A5C5 /* Home */,
				3FB174621F21A3A600F3A5C5 /* Live */,
				3FB174601F21A3A600F3A5C5 /* Follow */,
				3FB174641F21A3A600F3A5C5 /* Podfile */,
				3FB174651F21A3A600F3A5C5 /* Tools */,
			);
			path = Classes;
			sourceTree = "<group>";
		};
		3FB174601F21A3A600F3A5C5 /* Follow */ = {
			isa = PBXGroup;
			children = (
				3FB174791F21AF1100F3A5C5 /* Column.storyboard */,
				3FB1747B1F21AF2500F3A5C5 /* User.storyboard */,
			);
			path = Follow;
			sourceTree = "<group>";
		};
		3FB174611F21A3A600F3A5C5 /* Home */ = {
			isa = PBXGroup;
			children = (
				3F67DB331F27812E00A76530 /* ViewModel */,
				3FB1747F1F21B55300F3A5C5 /* Controller */,
				3FB174801F21B55300F3A5C5 /* Model */,
				3FB174811F21B55300F3A5C5 /* View */,
			);
			path = Home;
			sourceTree = "<group>";
		};
		3FB174621F21A3A600F3A5C5 /* Live */ = {
			isa = PBXGroup;
			children = (
				3FB174771F21AEE100F3A5C5 /* Live.storyboard */,
			);
			path = Live;
			sourceTree = "<group>";
		};
		3FB174631F21A3A600F3A5C5 /* Main */ = {
			isa = PBXGroup;
			children = (
				3FB174821F21B5B000F3A5C5 /* Controller */,
				3FB174841F21B5B000F3A5C5 /* Model */,
				3FB174851F21B5B000F3A5C5 /* View */,
				3FB174731F21AE8700F3A5C5 /* Main.storyboard */,
			);
			path = Main;
			sourceTree = "<group>";
		};
		3FB174641F21A3A600F3A5C5 /* Podfile */ = {
			isa = PBXGroup;
			children = (
			);
			path = Podfile;
			sourceTree = "<group>";
		};
		3FB174651F21A3A600F3A5C5 /* Tools */ = {
			isa = PBXGroup;
			children = (
				3FB174891F21B9AB00F3A5C5 /* Extension */,
				3F99DD421F238F630012CEA2 /* Common.swift */,
				3F9CE8901F275E13001E48F3 /* NetworkTools.swift */,
			);
			path = Tools;
			sourceTree = "<group>";
		};
		3FB1747F1F21B55300F3A5C5 /* Controller */ = {
			isa = PBXGroup;
			children = (
				3FB174751F21AEB400F3A5C5 /* Home.storyboard */,
				3FB174871F21B62200F3A5C5 /* HomeViewController.swift */,
				3F26255C1F24DE75006DD66F /* RecommendViewController.swift */,
			);
			path = Controller;
			sourceTree = "<group>";
		};
		3FB174801F21B55300F3A5C5 /* Model */ = {
			isa = PBXGroup;
			children = (
				3F932F901F29EDA50048880E /* CycleModel.swift */,
			);
			path = Model;
			sourceTree = "<group>";
		};
		3FB174811F21B55300F3A5C5 /* View */ = {
			isa = PBXGroup;
			children = (
				3FB5C6E11F25C38900CA8541 /* CollectionHeaderView.swift */,
				3FB5C6E21F25C38900CA8541 /* CollectionHeaderView.xib */,
				3F03348C1F28D3A200905EFE /* RecommendCycleView.swift */,
				3F03348E1F28D3B200905EFE /* RecommendCycleView.xib */,
				3F932F921F29F46F0048880E /* CollectionCycleCell.swift */,
				3F932F931F29F46F0048880E /* CollectionCycleCell.xib */,
			);
			path = View;
			sourceTree = "<group>";
		};
		3FB174821F21B5B000F3A5C5 /* Controller */ = {
			isa = PBXGroup;
			children = (
				3FB174831F21B5B000F3A5C5 /* MainViewController.swift */,
			);
			path = Controller;
			sourceTree = "<group>";
		};
		3FB174841F21B5B000F3A5C5 /* Model */ = {
			isa = PBXGroup;
			children = (
				3F67DB381F278DC300A76530 /* AnchorGroup.swift */,
				3F67DB3A1F27903A00A76530 /* AnchorModel.swift */,
			);
			path = Model;
			sourceTree = "<group>";
		};
		3FB174851F21B5B000F3A5C5 /* View */ = {
			isa = PBXGroup;
			children = (
				3F99DD441F2394C70012CEA2 /* PageTitleView.swift */,
				3F99DD461F23A6F90012CEA2 /* PageContentView.swift */,
				3F67DB3C1F27C2ED00A76530 /* CollectionBaseCell.swift */,
				3FB5C6E51F25DCC700CA8541 /* CollectionNormalCell.swift */,
				3FB5C6E61F25DCC700CA8541 /* CollectionNormalCell.xib */,
				3F9CE88A1F26D39A001E48F3 /* CollectionPrettyCell.swift */,
				3F9CE88B1F26D39A001E48F3 /* CollectionPrettyCell.xib */,
			);
			path = View;
			sourceTree = "<group>";
		};
		3FB174891F21B9AB00F3A5C5 /* Extension */ = {
			isa = PBXGroup;
			children = (
				3FB1748A1F21B9DA00F3A5C5 /* UIBarButtonItem-Extension.swift */,
				3F99DD481F23A90D0012CEA2 /* UIColor-Extension.swift */,
				3F67DB361F2784D000A76530 /* NSDate-Extension.swift */,
			);
			path = Extension;
			sourceTree = "<group>";
		};
/* End PBXGroup section */

/* Begin PBXNativeTarget section */
		3FB174491F217EFB00F3A5C5 /* DouYu */ = {
			isa = PBXNativeTarget;
			buildConfigurationList = 3FB1745C1F217EFB00F3A5C5 /* Build configuration list for PBXNativeTarget "DouYu" */;
			buildPhases = (
				6DCB13B3A6A56F25E982161F /* [CP] Check Pods Manifest.lock */,
				3FB174461F217EFB00F3A5C5 /* Sources */,
				3FB174471F217EFB00F3A5C5 /* Frameworks */,
				3FB174481F217EFB00F3A5C5 /* Resources */,
				2EFB741A75F6390C8437E3AF /* [CP] Embed Pods Frameworks */,
				D2ECC2AE511E8D37088E0118 /* [CP] Copy Pods Resources */,
			);
			buildRules = (
			);
			dependencies = (
			);
			name = DouYu;
			productName = DouYu;
			productReference = 3FB1744A1F217EFB00F3A5C5 /* DouYu.app */;
			productType = "com.apple.product-type.application";
		};
/* End PBXNativeTarget section */

/* Begin PBXProject section */
		3FB174421F217EFB00F3A5C5 /* Project object */ = {
			isa = PBXProject;
			attributes = {
				LastSwiftUpdateCheck = 0800;
				LastUpgradeCheck = 0800;
				ORGANIZATIONNAME = "吉冠坤";
				TargetAttributes = {
					3FB174491F217EFB00F3A5C5 = {
						CreatedOnToolsVersion = 8.0;
						DevelopmentTeam = S956DX5CLH;
						ProvisioningStyle = Automatic;
					};
				};
			};
			buildConfigurationList = 3FB174451F217EFB00F3A5C5 /* Build configuration list for PBXProject "DouYu" */;
			compatibilityVersion = "Xcode 3.2";
			developmentRegion = English;
			hasScannedForEncodings = 0;
			knownRegions = (
				en,
				Base,
			);
			mainGroup = 3FB174411F217EFB00F3A5C5;
			productRefGroup = 3FB1744B1F217EFB00F3A5C5 /* Products */;
			projectDirPath = "";
			projectRoot = "";
			targets = (
				3FB174491F217EFB00F3A5C5 /* DouYu */,
			);
		};
/* End PBXProject section */

/* Begin PBXResourcesBuildPhase section */
		3FB174481F217EFB00F3A5C5 /* Resources */ = {
			isa = PBXResourcesBuildPhase;
			buildActionMask = 2147483647;
			files = (
				3FB174741F21AE8700F3A5C5 /* Main.storyboard in Resources */,
				3FB5C6E41F25C38900CA8541 /* CollectionHeaderView.xib in Resources */,
				3FB5C6E81F25DCC700CA8541 /* CollectionNormalCell.xib in Resources */,
				3FB174581F217EFB00F3A5C5 /* LaunchScreen.storyboard in Resources */,
				3FB174551F217EFB00F3A5C5 /* Assets.xcassets in Resources */,
				3FB174781F21AEE100F3A5C5 /* Live.storyboard in Resources */,
				3FB1747A1F21AF1100F3A5C5 /* Column.storyboard in Resources */,
				3F03348F1F28D3B200905EFE /* RecommendCycleView.xib in Resources */,
				3F932F951F29F46F0048880E /* CollectionCycleCell.xib in Resources */,
				3F9CE88D1F26D39A001E48F3 /* CollectionPrettyCell.xib in Resources */,
				3FB1747C1F21AF2500F3A5C5 /* User.storyboard in Resources */,
				3FB174761F21AEB400F3A5C5 /* Home.storyboard in Resources */,
			);
			runOnlyForDeploymentPostprocessing = 0;
		};
/* End PBXResourcesBuildPhase section */

/* Begin PBXShellScriptBuildPhase section */
		2EFB741A75F6390C8437E3AF /* [CP] Embed Pods Frameworks */ = {
			isa = PBXShellScriptBuildPhase;
			buildActionMask = 2147483647;
			files = (
			);
			inputPaths = (
			);
			name = "[CP] Embed Pods Frameworks";
			outputPaths = (
			);
			runOnlyForDeploymentPostprocessing = 0;
			shellPath = /bin/sh;
			shellScript = "\"${SRCROOT}/Pods/Target Support Files/Pods-DouYu/Pods-DouYu-frameworks.sh\"\n";
			showEnvVarsInLog = 0;
		};
		6DCB13B3A6A56F25E982161F /* [CP] Check Pods Manifest.lock */ = {
			isa = PBXShellScriptBuildPhase;
			buildActionMask = 2147483647;
			files = (
			);
			inputPaths = (
			);
			name = "[CP] Check Pods Manifest.lock";
			outputPaths = (
			);
			runOnlyForDeploymentPostprocessing = 0;
			shellPath = /bin/sh;
			shellScript = "diff \"${PODS_ROOT}/../Podfile.lock\" \"${PODS_ROOT}/Manifest.lock\" > /dev/null\nif [[ $? != 0 ]] ; then\n    cat << EOM\nerror: The sandbox is not in sync with the Podfile.lock. Run 'pod install' or update your CocoaPods installation.\nEOM\n    exit 1\nfi\n";
			showEnvVarsInLog = 0;
		};
		D2ECC2AE511E8D37088E0118 /* [CP] Copy Pods Resources */ = {
			isa = PBXShellScriptBuildPhase;
			buildActionMask = 2147483647;
			files = (
			);
			inputPaths = (
			);
			name = "[CP] Copy Pods Resources";
			outputPaths = (
			);
			runOnlyForDeploymentPostprocessing = 0;
			shellPath = /bin/sh;
			shellScript = "\"${SRCROOT}/Pods/Target Support Files/Pods-DouYu/Pods-DouYu-resources.sh\"\n";
			showEnvVarsInLog = 0;
		};
/* End PBXShellScriptBuildPhase section */

/* Begin PBXSourcesBuildPhase section */
		3FB174461F217EFB00F3A5C5 /* Sources */ = {
			isa = PBXSourcesBuildPhase;
			buildActionMask = 2147483647;
			files = (
				3F03348D1F28D3A200905EFE /* RecommendCycleView.swift in Sources */,
				3F99DD451F2394C70012CEA2 /* PageTitleView.swift in Sources */,
				3FB5C6E31F25C38900CA8541 /* CollectionHeaderView.swift in Sources */,
				3F99DD491F23A90D0012CEA2 /* UIColor-Extension.swift in Sources */,
				3F26255D1F24DE75006DD66F /* RecommendViewController.swift in Sources */,
				3F67DB391F278DC300A76530 /* AnchorGroup.swift in Sources */,
				3FB174861F21B5B000F3A5C5 /* MainViewController.swift in Sources */,
				3FB1744E1F217EFB00F3A5C5 /* AppDelegate.swift in Sources */,
				3F932F941F29F46F0048880E /* CollectionCycleCell.swift in Sources */,
				3F932F911F29EDA50048880E /* CycleModel.swift in Sources */,
				3F99DD471F23A6F90012CEA2 /* PageContentView.swift in Sources */,
				3FB1748B1F21B9DA00F3A5C5 /* UIBarButtonItem-Extension.swift in Sources */,
				3F99DD431F238F630012CEA2 /* Common.swift in Sources */,
				3F9CE88C1F26D39A001E48F3 /* CollectionPrettyCell.swift in Sources */,
				3F67DB371F2784D000A76530 /* NSDate-Extension.swift in Sources */,
				3F67DB3D1F27C2ED00A76530 /* CollectionBaseCell.swift in Sources */,
				3FB5C6E71F25DCC700CA8541 /* CollectionNormalCell.swift in Sources */,
				3F9CE8911F275E13001E48F3 /* NetworkTools.swift in Sources */,
				3FB174881F21B62200F3A5C5 /* HomeViewController.swift in Sources */,
				3F67DB351F27817800A76530 /* RecommendViewModel.swift in Sources */,
				3F67DB3B1F27903A00A76530 /* AnchorModel.swift in Sources */,
			);
			runOnlyForDeploymentPostprocessing = 0;
		};
/* End PBXSourcesBuildPhase section */

/* Begin PBXVariantGroup section */
		3FB174561F217EFB00F3A5C5 /* LaunchScreen.storyboard */ = {
			isa = PBXVariantGroup;
			children = (
				3FB174571F217EFB00F3A5C5 /* Base */,
			);
			name = LaunchScreen.storyboard;
			sourceTree = "<group>";
		};
/* End PBXVariantGroup section */

/* Begin XCBuildConfiguration section */
		3FB1745A1F217EFB00F3A5C5 /* Debug */ = {
			isa = XCBuildConfiguration;
			buildSettings = {
				ALWAYS_SEARCH_USER_PATHS = NO;
				CLANG_ANALYZER_NONNULL = YES;
				CLANG_CXX_LANGUAGE_STANDARD = "gnu++0x";
				CLANG_CXX_LIBRARY = "libc++";
				CLANG_ENABLE_MODULES = YES;
				CLANG_ENABLE_OBJC_ARC = YES;
				CLANG_WARN_BOOL_CONVERSION = YES;
				CLANG_WARN_CONSTANT_CONVERSION = YES;
				CLANG_WARN_DIRECT_OBJC_ISA_USAGE = YES_ERROR;
				CLANG_WARN_DOCUMENTATION_COMMENTS = YES;
				CLANG_WARN_EMPTY_BODY = YES;
				CLANG_WARN_ENUM_CONVERSION = YES;
				CLANG_WARN_INFINITE_RECURSION = YES;
				CLANG_WARN_INT_CONVERSION = YES;
				CLANG_WARN_OBJC_ROOT_CLASS = YES_ERROR;
				CLANG_WARN_SUSPICIOUS_MOVES = YES;
				CLANG_WARN_UNREACHABLE_CODE = YES;
				CLANG_WARN__DUPLICATE_METHOD_MATCH = YES;
				"CODE_SIGN_IDENTITY[sdk=iphoneos*]" = "iPhone Developer";
				COPY_PHASE_STRIP = NO;
				DEBUG_INFORMATION_FORMAT = dwarf;
				ENABLE_STRICT_OBJC_MSGSEND = YES;
				ENABLE_TESTABILITY = YES;
				GCC_C_LANGUAGE_STANDARD = gnu99;
				GCC_DYNAMIC_NO_PIC = NO;
				GCC_NO_COMMON_BLOCKS = YES;
				GCC_OPTIMIZATION_LEVEL = 0;
				GCC_PREPROCESSOR_DEFINITIONS = (
					"DEBUG=1",
					"$(inherited)",
				);
				GCC_WARN_64_TO_32_BIT_CONVERSION = YES;
				GCC_WARN_ABOUT_RETURN_TYPE = YES_ERROR;
				GCC_WARN_UNDECLARED_SELECTOR = YES;
				GCC_WARN_UNINITIALIZED_AUTOS = YES_AGGRESSIVE;
				GCC_WARN_UNUSED_FUNCTION = YES;
				GCC_WARN_UNUSED_VARIABLE = YES;
				IPHONEOS_DEPLOYMENT_TARGET = 10.0;
				MTL_ENABLE_DEBUG_INFO = YES;
				ONLY_ACTIVE_ARCH = YES;
				SDKROOT = iphoneos;
				SWIFT_ACTIVE_COMPILATION_CONDITIONS = DEBUG;
				SWIFT_OPTIMIZATION_LEVEL = "-Onone";
			};
			name = Debug;
		};
		3FB1745B1F217EFB00F3A5C5 /* Release */ = {
			isa = XCBuildConfiguration;
			buildSettings = {
				ALWAYS_SEARCH_USER_PATHS = NO;
				CLANG_ANALYZER_NONNULL = YES;
				CLANG_CXX_LANGUAGE_STANDARD = "gnu++0x";
				CLANG_CXX_LIBRARY = "libc++";
				CLANG_ENABLE_MODULES = YES;
				CLANG_ENABLE_OBJC_ARC = YES;
				CLANG_WARN_BOOL_CONVERSION = YES;
				CLANG_WARN_CONSTANT_CONVERSION = YES;
				CLANG_WARN_DIRECT_OBJC_ISA_USAGE = YES_ERROR;
				CLANG_WARN_DOCUMENTATION_COMMENTS = YES;
				CLANG_WARN_EMPTY_BODY = YES;
				CLANG_WARN_ENUM_CONVERSION = YES;
				CLANG_WARN_INFINITE_RECURSION = YES;
				CLANG_WARN_INT_CONVERSION = YES;
				CLANG_WARN_OBJC_ROOT_CLASS = YES_ERROR;
				CLANG_WARN_SUSPICIOUS_MOVES = YES;
				CLANG_WARN_UNREACHABLE_CODE = YES;
				CLANG_WARN__DUPLICATE_METHOD_MATCH = YES;
				"CODE_SIGN_IDENTITY[sdk=iphoneos*]" = "iPhone Developer";
				COPY_PHASE_STRIP = NO;
				DEBUG_INFORMATION_FORMAT = "dwarf-with-dsym";
				ENABLE_NS_ASSERTIONS = NO;
				ENABLE_STRICT_OBJC_MSGSEND = YES;
				GCC_C_LANGUAGE_STANDARD = gnu99;
				GCC_NO_COMMON_BLOCKS = YES;
				GCC_WARN_64_TO_32_BIT_CONVERSION = YES;
				GCC_WARN_ABOUT_RETURN_TYPE = YES_ERROR;
				GCC_WARN_UNDECLARED_SELECTOR = YES;
				GCC_WARN_UNINITIALIZED_AUTOS = YES_AGGRESSIVE;
				GCC_WARN_UNUSED_FUNCTION = YES;
				GCC_WARN_UNUSED_VARIABLE = YES;
				IPHONEOS_DEPLOYMENT_TARGET = 10.0;
				MTL_ENABLE_DEBUG_INFO = NO;
				SDKROOT = iphoneos;
				SWIFT_OPTIMIZATION_LEVEL = "-Owholemodule";
				VALIDATE_PRODUCT = YES;
			};
			name = Release;
		};
		3FB1745D1F217EFB00F3A5C5 /* Debug */ = {
			isa = XCBuildConfiguration;
			baseConfigurationReference = 9E873A697BDAF1AA16D1FB47 /* Pods-DouYu.debug.xcconfig */;
			buildSettings = {
				ASSETCATALOG_COMPILER_APPICON_NAME = AppIcon;
				ASSETCATALOG_COMPILER_LAUNCHIMAGE_NAME = LaunchImage;
				DEVELOPMENT_TEAM = S956DX5CLH;
				INFOPLIST_FILE = DouYu/Info.plist;
				IPHONEOS_DEPLOYMENT_TARGET = 9.0;
				LD_RUNPATH_SEARCH_PATHS = "$(inherited) @executable_path/Frameworks";
				PRODUCT_BUNDLE_IDENTIFIER = com.hello.DouYu;
				PRODUCT_NAME = "$(TARGET_NAME)";
				SWIFT_VERSION = 3.0;
			};
			name = Debug;
		};
		3FB1745E1F217EFB00F3A5C5 /* Release */ = {
			isa = XCBuildConfiguration;
			baseConfigurationReference = 525DBECBCFE28202DFF3D872 /* Pods-DouYu.release.xcconfig */;
			buildSettings = {
				ASSETCATALOG_COMPILER_APPICON_NAME = AppIcon;
				ASSETCATALOG_COMPILER_LAUNCHIMAGE_NAME = LaunchImage;
				DEVELOPMENT_TEAM = S956DX5CLH;
				INFOPLIST_FILE = DouYu/Info.plist;
				IPHONEOS_DEPLOYMENT_TARGET = 9.0;
				LD_RUNPATH_SEARCH_PATHS = "$(inherited) @executable_path/Frameworks";
				PRODUCT_BUNDLE_IDENTIFIER = com.hello.DouYu;
				PRODUCT_NAME = "$(TARGET_NAME)";
				SWIFT_VERSION = 3.0;
			};
			name = Release;
		};
/* End XCBuildConfiguration section */

/* Begin XCConfigurationList section */
		3FB174451F217EFB00F3A5C5 /* Build configuration list for PBXProject "DouYu" */ = {
			isa = XCConfigurationList;
			buildConfigurations = (
				3FB1745A1F217EFB00F3A5C5 /* Debug */,
				3FB1745B1F217EFB00F3A5C5 /* Release */,
			);
			defaultConfigurationIsVisible = 0;
			defaultConfigurationName = Release;
		};
		3FB1745C1F217EFB00F3A5C5 /* Build configuration list for PBXNativeTarget "DouYu" */ = {
			isa = XCConfigurationList;
			buildConfigurations = (
				3FB1745D1F217EFB00F3A5C5 /* Debug */,
				3FB1745E1F217EFB00F3A5C5 /* Release */,
			);
			defaultConfigurationIsVisible = 0;
			defaultConfigurationName = Release;
		};
/* End XCConfigurationList section */
	};
	rootObject = 3FB174421F217EFB00F3A5C5 /* Project object */;
}
