// !$*UTF8*$!
{
	archiveVersion = 1;
	classes = {
	};
	objectVersion = 46;
	objects = {

/* Begin PBXBuildFile section */
		3F55DD011F217D6A00E3647C /* AppDelegate.swift in Sources */ = {isa = PBXBuildFile; fileRef = 3F55DD001F217D6A00E3647C /* AppDelegate.swift */; };
		3F55DD031F217D6A00E3647C /* ViewController.swift in Sources */ = {isa = PBXBuildFile; fileRef = 3F55DD021F217D6A00E3647C /* ViewController.swift */; };
		3F55DD061F217D6A00E3647C /* Main.storyboard in Resources */ = {isa = PBXBuildFile; fileRef = 3F55DD041F217D6A00E3647C /* Main.storyboard */; };
		3F55DD081F217D6A00E3647C /* Assets.xcassets in Resources */ = {isa = PBXBuildFile; fileRef = 3F55DD071F217D6A00E3647C /* Assets.xcassets */; };
		3F55DD0B1F217D6A00E3647C /* LaunchScreen.storyboard in Resources */ = {isa = PBXBuildFile; fileRef = 3F55DD091F217D6A00E3647C /* LaunchScreen.storyboard */; };
/* End PBXBuildFile section */

/* Begin PBXFileReference section */
		3F55DCFD1F217D6A00E3647C /* DouYu.app */ = {isa = PBXFileReference; explicitFileType = wrapper.application; includeInIndex = 0; path = DouYu.app; sourceTree = BUILT_PRODUCTS_DIR; };
		3F55DD001F217D6A00E3647C /* AppDelegate.swift */ = {isa = PBXFileReference; lastKnownFileType = sourcecode.swift; path = AppDelegate.swift; sourceTree = "<group>"; };
		3F55DD021F217D6A00E3647C /* ViewController.swift */ = {isa = PBXFileReference; lastKnownFileType = sourcecode.swift; path = ViewController.swift; sourceTree = "<group>"; };
		3F55DD051F217D6A00E3647C /* Base */ = {isa = PBXFileReference; lastKnownFileType = file.storyboard; name = Base; path = Base.lproj/Main.storyboard; sourceTree = "<group>"; };
		3F55DD071F217D6A00E3647C /* Assets.xcassets */ = {isa = PBXFileReference; lastKnownFileType = folder.assetcatalog; path = Assets.xcassets; sourceTree = "<group>"; };
		3F55DD0A1F217D6A00E3647C /* Base */ = {isa = PBXFileReference; lastKnownFileType = file.storyboard; name = Base; path = Base.lproj/LaunchScreen.storyboard; sourceTree = "<group>"; };
		3F55DD0C1F217D6A00E3647C /* Info.plist */ = {isa = PBXFileReference; lastKnownFileType = text.plist.xml; path = Info.plist; sourceTree = "<group>"; };
/* End PBXFileReference section */

/* Begin PBXFrameworksBuildPhase section */
		3F55DCFA1F217D6A00E3647C /* Frameworks */ = {
			isa = PBXFrameworksBuildPhase;
			buildActionMask = 2147483647;
			files = (
			);
			runOnlyForDeploymentPostprocessing = 0;
		};
/* End PBXFrameworksBuildPhase section */

/* Begin PBXGroup section */
		3F55DCF41F217D6A00E3647C = {
			isa = PBXGroup;
			children = (
				3F55DCFF1F217D6A00E3647C /* DouYu */,
				3F55DCFE1F217D6A00E3647C /* Products */,
			);
			sourceTree = "<group>";
		};
		3F55DCFE1F217D6A00E3647C /* Products */ = {
			isa = PBXGroup;
			children = (
				3F55DCFD1F217D6A00E3647C /* DouYu.app */,
			);
			name = Products;
			sourceTree = "<group>";
		};
		3F55DCFF1F217D6A00E3647C /* DouYu */ = {
			isa = PBXGroup;
			children = (
				3F55DD001F217D6A00E3647C /* AppDelegate.swift */,
				3F55DD021F217D6A00E3647C /* ViewController.swift */,
				3F55DD041F217D6A00E3647C /* Main.storyboard */,
				3F55DD071F217D6A00E3647C /* Assets.xcassets */,
				3F55DD091F217D6A00E3647C /* LaunchScreen.storyboard */,
				3F55DD0C1F217D6A00E3647C /* Info.plist */,
			);
			path = DouYu;
			sourceTree = "<group>";
		};
/* End PBXGroup section */

/* Begin PBXNativeTarget section */
		3F55DCFC1F217D6A00E3647C /* DouYu */ = {
			isa = PBXNativeTarget;
			buildConfigurationList = 3F55DD0F1F217D6A00E3647C /* Build configuration list for PBXNativeTarget "DouYu" */;
			buildPhases = (
				3F55DCF91F217D6A00E3647C /* Sources */,
				3F55DCFA1F217D6A00E3647C /* Frameworks */,
				3F55DCFB1F217D6A00E3647C /* Resources */,
			);
			buildRules = (
			);
			dependencies = (
			);
			name = DouYu;
			productName = DouYu;
			productReference = 3F55DCFD1F217D6A00E3647C /* DouYu.app */;
			productType = "com.apple.product-type.application";
		};
/* End PBXNativeTarget section */

/* Begin PBXProject section */
		3F55DCF51F217D6A00E3647C /* Project object */ = {
			isa = PBXProject;
			attributes = {
				LastSwiftUpdateCheck = 0800;
				LastUpgradeCheck = 0800;
				ORGANIZATIONNAME = "吉冠坤";
				TargetAttributes = {
					3F55DCFC1F217D6A00E3647C = {
						CreatedOnToolsVersion = 8.0;
						DevelopmentTeam = S956DX5CLH;
						ProvisioningStyle = Automatic;
					};
				};
			};
			buildConfigurationList = 3F55DCF81F217D6A00E3647C /* Build configuration list for PBXProject "DouYu" */;
			compatibilityVersion = "Xcode 3.2";
			developmentRegion = English;
			hasScannedForEncodings = 0;
			knownRegions = (
				en,
				Base,
			);
			mainGroup = 3F55DCF41F217D6A00E3647C;
			productRefGroup = 3F55DCFE1F217D6A00E3647C /* Products */;
			projectDirPath = "";
			projectRoot = "";
			targets = (
				3F55DCFC1F217D6A00E3647C /* DouYu */,
			);
		};
/* End PBXProject section */

/* Begin PBXResourcesBuildPhase section */
		3F55DCFB1F217D6A00E3647C /* Resources */ = {
			isa = PBXResourcesBuildPhase;
			buildActionMask = 2147483647;
			files = (
				3F55DD0B1F217D6A00E3647C /* LaunchScreen.storyboard in Resources */,
				3F55DD081F217D6A00E3647C /* Assets.xcassets in Resources */,
				3F55DD061F217D6A00E3647C /* Main.storyboard in Resources */,
			);
			runOnlyForDeploymentPostprocessing = 0;
		};
/* End PBXResourcesBuildPhase section */

/* Begin PBXSourcesBuildPhase section */
		3F55DCF91F217D6A00E3647C /* Sources */ = {
			isa = PBXSourcesBuildPhase;
			buildActionMask = 2147483647;
			files = (
				3F55DD031F217D6A00E3647C /* ViewController.swift in Sources */,
				3F55DD011F217D6A00E3647C /* AppDelegate.swift in Sources */,
			);
			runOnlyForDeploymentPostprocessing = 0;
		};
/* End PBXSourcesBuildPhase section */

/* Begin PBXVariantGroup section */
		3F55DD041F217D6A00E3647C /* Main.storyboard */ = {
			isa = PBXVariantGroup;
			children = (
				3F55DD051F217D6A00E3647C /* Base */,
			);
			name = Main.storyboard;
			sourceTree = "<group>";
		};
		3F55DD091F217D6A00E3647C /* LaunchScreen.storyboard */ = {
			isa = PBXVariantGroup;
			children = (
				3F55DD0A1F217D6A00E3647C /* Base */,
			);
			name = LaunchScreen.storyboard;
			sourceTree = "<group>";
		};
/* End PBXVariantGroup section */

/* Begin XCBuildConfiguration section */
		3F55DD0D1F217D6A00E3647C /* Debug */ = {
			isa = XCBuildConfiguration;
			buildSettings = {
				ALWAYS_SEARCH_USER_PATHS = NO;
				CLANG_ANALYZER_NONNULL = YES;
				CLANG_CXX_LANGUAGE_STANDARD = "gnu++0x";
				CLANG_CXX_LIBRARY = "libc++";
				CLANG_ENABLE_MODULES = YES;
				CLANG_ENABLE_OBJC_ARC = YES;
				CLANG_WARN_BOOL_CONVERSION = YES;
				CLANG_WARN_CONSTANT_CONVERSION = YES;
				CLANG_WARN_DIRECT_OBJC_ISA_USAGE = YES_ERROR;
				CLANG_WARN_DOCUMENTATION_COMMENTS = YES;
				CLANG_WARN_EMPTY_BODY = YES;
				CLANG_WARN_ENUM_CONVERSION = YES;
				CLANG_WARN_INFINITE_RECURSION = YES;
				CLANG_WARN_INT_CONVERSION = YES;
				CLANG_WARN_OBJC_ROOT_CLASS = YES_ERROR;
				CLANG_WARN_SUSPICIOUS_MOVES = YES;
				CLANG_WARN_UNREACHABLE_CODE = YES;
				CLANG_WARN__DUPLICATE_METHOD_MATCH = YES;
				"CODE_SIGN_IDENTITY[sdk=iphoneos*]" = "iPhone Developer";
				COPY_PHASE_STRIP = NO;
				DEBUG_INFORMATION_FORMAT = dwarf;
				ENABLE_STRICT_OBJC_MSGSEND = YES;
				ENABLE_TESTABILITY = YES;
				GCC_C_LANGUAGE_STANDARD = gnu99;
				GCC_DYNAMIC_NO_PIC = NO;
				GCC_NO_COMMON_BLOCKS = YES;
				GCC_OPTIMIZATION_LEVEL = 0;
				GCC_PREPROCESSOR_DEFINITIONS = (
					"DEBUG=1",
					"$(inherited)",
				);
				GCC_WARN_64_TO_32_BIT_CONVERSION = YES;
				GCC_WARN_ABOUT_RETURN_TYPE = YES_ERROR;
				GCC_WARN_UNDECLARED_SELECTOR = YES;
				GCC_WARN_UNINITIALIZED_AUTOS = YES_AGGRESSIVE;
				GCC_WARN_UNUSED_FUNCTION = YES;
				GCC_WARN_UNUSED_VARIABLE = YES;
				IPHONEOS_DEPLOYMENT_TARGET = 10.0;
				MTL_ENABLE_DEBUG_INFO = YES;
				ONLY_ACTIVE_ARCH = YES;
				SDKROOT = iphoneos;
				SWIFT_ACTIVE_COMPILATION_CONDITIONS = DEBUG;
				SWIFT_OPTIMIZATION_LEVEL = "-Onone";
			};
			name = Debug;
		};
		3F55DD0E1F217D6A00E3647C /* Release */ = {
			isa = XCBuildConfiguration;
			buildSettings = {
				ALWAYS_SEARCH_USER_PATHS = NO;
				CLANG_ANALYZER_NONNULL = YES;
				CLANG_CXX_LANGUAGE_STANDARD = "gnu++0x";
				CLANG_CXX_LIBRARY = "libc++";
				CLANG_ENABLE_MODULES = YES;
				CLANG_ENABLE_OBJC_ARC = YES;
				CLANG_WARN_BOOL_CONVERSION = YES;
				CLANG_WARN_CONSTANT_CONVERSION = YES;
				CLANG_WARN_DIRECT_OBJC_ISA_USAGE = YES_ERROR;
				CLANG_WARN_DOCUMENTATION_COMMENTS = YES;
				CLANG_WARN_EMPTY_BODY = YES;
				CLANG_WARN_ENUM_CONVERSION = YES;
				CLANG_WARN_INFINITE_RECURSION = YES;
				CLANG_WARN_INT_CONVERSION = YES;
				CLANG_WARN_OBJC_ROOT_CLASS = YES_ERROR;
				CLANG_WARN_SUSPICIOUS_MOVES = YES;
				CLANG_WARN_UNREACHABLE_CODE = YES;
				CLANG_WARN__DUPLICATE_METHOD_MATCH = YES;
				"CODE_SIGN_IDENTITY[sdk=iphoneos*]" = "iPhone Developer";
				COPY_PHASE_STRIP = NO;
				DEBUG_INFORMATION_FORMAT = "dwarf-with-dsym";
				ENABLE_NS_ASSERTIONS = NO;
				ENABLE_STRICT_OBJC_MSGSEND = YES;
				GCC_C_LANGUAGE_STANDARD = gnu99;
				GCC_NO_COMMON_BLOCKS = YES;
				GCC_WARN_64_TO_32_BIT_CONVERSION = YES;
				GCC_WARN_ABOUT_RETURN_TYPE = YES_ERROR;
				GCC_WARN_UNDECLARED_SELECTOR = YES;
				GCC_WARN_UNINITIALIZED_AUTOS = YES_AGGRESSIVE;
				GCC_WARN_UNUSED_FUNCTION = YES;
				GCC_WARN_UNUSED_VARIABLE = YES;
				IPHONEOS_DEPLOYMENT_TARGET = 10.0;
				MTL_ENABLE_DEBUG_INFO = NO;
				SDKROOT = iphoneos;
				SWIFT_OPTIMIZATION_LEVEL = "-Owholemodule";
				VALIDATE_PRODUCT = YES;
			};
			name = Release;
		};
		3F55DD101F217D6A00E3647C /* Debug */ = {
			isa = XCBuildConfiguration;
			buildSettings = {
				ASSETCATALOG_COMPILER_APPICON_NAME = AppIcon;
				DEVELOPMENT_TEAM = S956DX5CLH;
				INFOPLIST_FILE = DouYu/Info.plist;
				LD_RUNPATH_SEARCH_PATHS = "$(inherited) @executable_path/Frameworks";
				PRODUCT_BUNDLE_IDENTIFIER = com.hello.DouYu;
				PRODUCT_NAME = "$(TARGET_NAME)";
				SWIFT_VERSION = 3.0;
			};
			name = Debug;
		};
		3F55DD111F217D6A00E3647C /* Release */ = {
			isa = XCBuildConfiguration;
			buildSettings = {
				ASSETCATALOG_COMPILER_APPICON_NAME = AppIcon;
				DEVELOPMENT_TEAM = S956DX5CLH;
				INFOPLIST_FILE = DouYu/Info.plist;
				LD_RUNPATH_SEARCH_PATHS = "$(inherited) @executable_path/Frameworks";
				PRODUCT_BUNDLE_IDENTIFIER = com.hello.DouYu;
				PRODUCT_NAME = "$(TARGET_NAME)";
				SWIFT_VERSION = 3.0;
			};
			name = Release;
		};
/* End XCBuildConfiguration section */

/* Begin XCConfigurationList section */
		3F55DCF81F217D6A00E3647C /* Build configuration list for PBXProject "DouYu" */ = {
			isa = XCConfigurationList;
			buildConfigurations = (
				3F55DD0D1F217D6A00E3647C /* Debug */,
				3F55DD0E1F217D6A00E3647C /* Release */,
			);
			defaultConfigurationIsVisible = 0;
			defaultConfigurationName = Release;
		};
		3F55DD0F1F217D6A00E3647C /* Build configuration list for PBXNativeTarget "DouYu" */ = {
			isa = XCConfigurationList;
			buildConfigurations = (
				3F55DD101F217D6A00E3647C /* Debug */,
				3F55DD111F217D6A00E3647C /* Release */,
			);
			defaultConfigurationIsVisible = 0;
		};
/* End XCConfigurationList section */
	};
	rootObject = 3F55DCF51F217D6A00E3647C /* Project object */;
}
